
Microsoft Visual Studio Solution File, Format Version 12.00
Project("{FAE04EC0-301F-11D3-BF4B-00C04F79EFBC}") = "AQChecker", "AQChecker\AQChecker.csproj", "{227BAA9B-92AD-421D-9EDF-1B9A2694A160}"
EndProject
Global
	GlobalSection(SolutionConfigurationPlatforms) = preSolution
		Debug|Any CPU = Debug|Any CPU
		Release|Any CPU = Release|Any CPU
	EndGlobalSection
	GlobalSection(ProjectConfigurationPlatforms) = postSolution
		{227BAA9B-92AD-421D-9EDF-1B9A2694A160}.Debug|Any CPU.ActiveCfg = Debug|Any CPU
		{227BAA9B-92AD-421D-9EDF-1B9A2694A160}.Debug|Any CPU.Build.0 = Debug|Any CPU
		{227BAA9B-92AD-421D-9EDF-1B9A2694A160}.Release|Any CPU.ActiveCfg = Release|Any CPU
		{227BAA9B-92AD-421D-9EDF-1B9A2694A160}.Release|Any CPU.Build.0 = Release|Any CPU
	EndGlobalSection
EndGlobal
